
Microsoft Visual Studio Solution File, Format Version 12.00
# Visual Studio Version 17
VisualStudioVersion = 17.8.34408.163
MinimumVisualStudioVersion = 10.0.40219.1
Project("{FAE04EC0-301F-11D3-BF4B-00C04F79EFBC}") = "Paint", "Paint\Paint.csproj", "{C93209D8-9952-41F9-9985-6C671020E9CE}"
EndProject
Global
	GlobalSection(SolutionConfigurationPlatforms) = preSolution
		Debug|Any CPU = Debug|Any CPU
		Release|Any CPU = Release|Any CPU
	EndGlobalSection
	GlobalSection(ProjectConfigurationPlatforms) = postSolution
		{C93209D8-9952-41F9-9985-6C671020E9CE}.Debug|Any CPU.ActiveCfg = Debug|Any CPU
		{C93209D8-9952-41F9-9985-6C671020E9CE}.Debug|Any CPU.Build.0 = Debug|Any CPU
		{C93209D8-9952-41F9-9985-6C671020E9CE}.Release|Any CPU.ActiveCfg = Release|Any CPU
		{C93209D8-9952-41F9-9985-6C671020E9CE}.Release|Any CPU.Build.0 = Release|Any CPU
	EndGlobalSection
	GlobalSection(SolutionProperties) = preSolution
		HideSolutionNode = FALSE
	EndGlobalSection
	GlobalSection(ExtensibilityGlobals) = postSolution
		SolutionGuid = {5F0209FD-4A20-477C-9338-FD892CE2A613}
	EndGlobalSection
EndGlobal
